
Microsoft Visual Studio Solution File, Format Version 12.00
# Visual Studio Version 17
VisualStudioVersion = 17.11.35327.3
MinimumVisualStudioVersion = 10.0.40219.1
Project("{9A19103F-16F7-4668-BE54-9A1E7A4F7556}") = "Feedoora", "Feedoora.csproj", "{96E260C1-2DA7-434D-B228-52CA65680B3E}"
EndProject
Global
	GlobalSection(SolutionConfigurationPlatforms) = preSolution
		Debug|Any CPU = Debug|Any CPU
		Release|Any CPU = Release|Any CPU
	EndGlobalSection
	GlobalSection(ProjectConfigurationPlatforms) = postSolution
		{96E260C1-2DA7-434D-B228-52CA65680B3E}.Debug|Any CPU.ActiveCfg = Debug|Any CPU
		{96E260C1-2DA7-434D-B228-52CA65680B3E}.Debug|Any CPU.Build.0 = Debug|Any CPU
		{96E260C1-2DA7-434D-B228-52CA65680B3E}.Release|Any CPU.ActiveCfg = Release|Any CPU
		{96E260C1-2DA7-434D-B228-52CA65680B3E}.Release|Any CPU.Build.0 = Release|Any CPU
	EndGlobalSection
	GlobalSection(SolutionProperties) = preSolution
		HideSolutionNode = FALSE
	EndGlobalSection
	GlobalSection(ExtensibilityGlobals) = postSolution
		SolutionGuid = {33A071CB-1948-4A73-B5D2-E50CF7B2B995}
	EndGlobalSection
EndGlobal
